# This file is generated by running "yarn install" inside your project.
# Manual changes might be lost - proceed with caution!

__metadata:
  version: 6
  cacheKey: 8

"@colors/colors@npm:1.5.0":
  version: 1.5.0
  resolution: "@colors/colors@npm:1.5.0"
  checksum: d64d5260bed1d5012ae3fc617d38d1afc0329fec05342f4e6b838f46998855ba56e0a73833f4a80fa8378c84810da254f76a8a19c39d038260dc06dc4e007425
  languageName: node
  linkType: hard

"@dabh/diagnostics@npm:^2.0.2":
  version: 2.0.3
  resolution: "@dabh/diagnostics@npm:2.0.3"
  dependencies:
    colorspace: 1.1.x
    enabled: 2.0.x
    kuler: ^2.0.0
  checksum: 4879600c55c8315a0fb85fbb19057bad1adc08f0a080a8cb4e2b63f723c379bfc4283b68123a2b078d367b327dd8df12fcb27464efe791addc0a48b9df6d79a1
  languageName: node
  linkType: hard

"@discordjs/builders@npm:^1.5.0":
  version: 1.5.0
  resolution: "@discordjs/builders@npm:1.5.0"
  dependencies:
    "@discordjs/formatters": ^0.2.0
    "@discordjs/util": ^0.2.0
    "@sapphire/shapeshift": ^3.8.1
    discord-api-types: ^0.37.35
    fast-deep-equal: ^3.1.3
    ts-mixer: ^6.0.3
    tslib: ^2.5.0
  checksum: 054bf380879412f19ae2ead6731fdce91ff3d3e91c93fa6c689392bffe75748c68ecb9fcd96e5d6119f8b793a485f5a5d4da943c8fdd8048827226755e3f048c
  languageName: node
  linkType: hard

"@discordjs/collection@npm:^1.4.0":
  version: 1.4.0
  resolution: "@discordjs/collection@npm:1.4.0"
  checksum: fb6da43b3df8eeade104490a024918cb58690db58ef8bdc2e2812ffee7e166c9baae0c244306a8187179ffa17cab679dcd50ea7fde9bf137c76275a608acd6b3
  languageName: node
  linkType: hard

"@discordjs/formatters@npm:^0.2.0":
  version: 0.2.0
  resolution: "@discordjs/formatters@npm:0.2.0"
  dependencies:
    discord-api-types: ^0.37.35
  checksum: cc721d1904501910288b48ae4c20df5fb1beff78f2463f780463f7fa7efe661bb739e324fb9e8b2c09aded3ce7cfcc2f58cd3793c0d61da96f87c50f666bf998
  languageName: node
  linkType: hard

"@discordjs/rest@npm:^1.6.0":
  version: 1.6.0
  resolution: "@discordjs/rest@npm:1.6.0"
  dependencies:
    "@discordjs/collection": ^1.4.0
    "@discordjs/util": ^0.2.0
    "@sapphire/async-queue": ^1.5.0
    "@sapphire/snowflake": ^3.4.0
    discord-api-types: ^0.37.35
    file-type: ^18.2.1
    tslib: ^2.5.0
    undici: ^5.20.0
  checksum: 4370919696401b052602b34bc0a421811efb1360eed7f904206e20216cba052a63bf08e0307222523f8c5d8066b08264ae95a8037b2e86969cffba68e18aaefe
  languageName: node
  linkType: hard

"@discordjs/util@npm:^0.2.0":
  version: 0.2.0
  resolution: "@discordjs/util@npm:0.2.0"
  checksum: 1e6c02a2881c98ccee2ffd34f487b751e1f16bce007e0a3e9fa538170c1ddb3d68e2b1d88c84b3406191ba9dfec3a999a828603a142c359703fc53482269e7fa
  languageName: node
  linkType: hard

"@sapphire/async-queue@npm:^1.5.0":
  version: 1.5.0
  resolution: "@sapphire/async-queue@npm:1.5.0"
  checksum: 983dbd1fd1b1798496e5edb6a0db7e4d90015160e1028f20475eab0a92625513f1e8d938bc0305811a9cec461c94e01b1e4191615ff03ba49356f568f3255250
  languageName: node
  linkType: hard

"@sapphire/shapeshift@npm:^3.8.1":
  version: 3.8.1
  resolution: "@sapphire/shapeshift@npm:3.8.1"
  dependencies:
    fast-deep-equal: ^3.1.3
    lodash: ^4.17.21
  checksum: 2a5954c76ee9a91506ae269141ffd2d71e05891c7f1618d0acbf3670312f0b473e356f9c3dafe484d8dc89282d7554f1fd7d720a2a3b0e921fb4e969d09513ee
  languageName: node
  linkType: hard

"@sapphire/snowflake@npm:^3.4.0":
  version: 3.4.0
  resolution: "@sapphire/snowflake@npm:3.4.0"
  checksum: 556b7001f33d6edbbbcbca46f6abfa56c732a29e78b693161e358688e688edcb012d2c1bc944e7ffb41bd6c9950d261bc73f95656dc01643361a218b4f5ab985
  languageName: node
  linkType: hard

"@tokenizer/token@npm:^0.3.0":
  version: 0.3.0
  resolution: "@tokenizer/token@npm:0.3.0"
  checksum: 1d575d02d2a9f0c5a4ca5180635ebd2ad59e0f18b42a65f3d04844148b49b3db35cf00b6012a1af2d59c2ab3caca59451c5689f747ba8667ee586ad717ee58e1
  languageName: node
  linkType: hard

"@types/node@npm:*":
  version: 18.15.3
  resolution: "@types/node@npm:18.15.3"
  checksum: 31b1d92475a82c30de29aa6c0771b18a276552d191283b4423ba2d61b3f01159bf0d02576c0b7cc834b043997893800db6bb47f246083ed85aa45e79c80875d7
  languageName: node
  linkType: hard

"@types/triple-beam@npm:^1.3.2":
  version: 1.3.2
  resolution: "@types/triple-beam@npm:1.3.2"
  checksum: dd7b4a563fb710abc992e5d59eac481bed9e303fada2e276e37b00be31c392e03300ee468e57761e616512872e77935f92472877d0704a19688d15a726cee17b
  languageName: node
  linkType: hard

"@types/webidl-conversions@npm:*":
  version: 7.0.0
  resolution: "@types/webidl-conversions@npm:7.0.0"
  checksum: 60142c7ddd9eb6f907d232d6b3a81ecf990f73b5a62a004eba8bd0f54809a42ece68ce512e7e3e1d98af8b6393d66cddb96f3622d2fb223c4e9c8937c61bfed7
  languageName: node
  linkType: hard

"@types/whatwg-url@npm:^8.2.1":
  version: 8.2.2
  resolution: "@types/whatwg-url@npm:8.2.2"
  dependencies:
    "@types/node": "*"
    "@types/webidl-conversions": "*"
  checksum: 5dc5afe078dfa1a8a266745586fa3db9baa8ce7cc904789211d1dca1d34d7f3dd17d0b7423c36bc9beab9d98aa99338f1fc60798c0af6cbb8356f20e20d9f243
  languageName: node
  linkType: hard

"@types/ws@npm:^8.5.4":
  version: 8.5.4
  resolution: "@types/ws@npm:8.5.4"
  dependencies:
    "@types/node": "*"
  checksum: fefbad20d211929bb996285c4e6f699b12192548afedbe4930ab4384f8a94577c9cd421acaad163cacd36b88649509970a05a0b8f20615b30c501ed5269038d1
  languageName: node
  linkType: hard

"async@npm:^3.2.3":
  version: 3.2.4
  resolution: "async@npm:3.2.4"
  checksum: 43d07459a4e1d09b84a20772414aa684ff4de085cbcaec6eea3c7a8f8150e8c62aa6cd4e699fe8ee93c3a5b324e777d34642531875a0817a35697522c1b02e89
  languageName: node
  linkType: hard

"asynckit@npm:^0.4.0":
  version: 0.4.0
  resolution: "asynckit@npm:0.4.0"
  checksum: 7b78c451df768adba04e2d02e63e2d0bf3b07adcd6e42b4cf665cb7ce899bedd344c69a1dcbce355b5f972d597b25aaa1c1742b52cffd9caccb22f348114f6be
  languageName: node
  linkType: hard

"axios@npm:^1.3.4":
  version: 1.3.4
  resolution: "axios@npm:1.3.4"
  dependencies:
    follow-redirects: ^1.15.0
    form-data: ^4.0.0
    proxy-from-env: ^1.1.0
  checksum: 7440edefcf8498bc3cdf39de00443e8101f249972c83b739c6e880d9d669fea9486372dbe8739e88b3bf8bb1ad15f6106693f206f078f4516fe8fd47b1c3093c
  languageName: node
  linkType: hard

"balanced-match@npm:^1.0.0":
  version: 1.0.2
  resolution: "balanced-match@npm:1.0.2"
  checksum: 9706c088a283058a8a99e0bf91b0a2f75497f185980d9ffa8b304de1d9e58ebda7c72c07ebf01dadedaac5b2907b2c6f566f660d62bd336c3468e960403b9d65
  languageName: node
  linkType: hard

"brace-expansion@npm:^1.1.7":
  version: 1.1.11
  resolution: "brace-expansion@npm:1.1.11"
  dependencies:
    balanced-match: ^1.0.0
    concat-map: 0.0.1
  checksum: faf34a7bb0c3fcf4b59c7808bc5d2a96a40988addf2e7e09dfbb67a2251800e0d14cd2bfc1aa79174f2f5095c54ff27f46fb1289fe2d77dac755b5eb3434cc07
  languageName: node
  linkType: hard

"bson@npm:^5.0.1":
  version: 5.1.0
  resolution: "bson@npm:5.1.0"
  checksum: 5e1c6235b7bc5c788116f077a076bb2fa227e8dc5ad472277c5931c0b82b747edb08c5eb4f511823c895d35c707917f6a16b8f3207104b8559dc83524706cc4a
  languageName: node
  linkType: hard

"busboy@npm:^1.6.0":
  version: 1.6.0
  resolution: "busboy@npm:1.6.0"
  dependencies:
    streamsearch: ^1.1.0
  checksum: 32801e2c0164e12106bf236291a00795c3c4e4b709ae02132883fe8478ba2ae23743b11c5735a0aae8afe65ac4b6ca4568b91f0d9fed1fdbc32ede824a73746e
  languageName: node
  linkType: hard

"color-convert@npm:^1.9.3":
  version: 1.9.3
  resolution: "color-convert@npm:1.9.3"
  dependencies:
    color-name: 1.1.3
  checksum: fd7a64a17cde98fb923b1dd05c5f2e6f7aefda1b60d67e8d449f9328b4e53b228a428fd38bfeaeb2db2ff6b6503a776a996150b80cdf224062af08a5c8a3a203
  languageName: node
  linkType: hard

"color-name@npm:1.1.3":
  version: 1.1.3
  resolution: "color-name@npm:1.1.3"
  checksum: 09c5d3e33d2105850153b14466501f2bfb30324a2f76568a408763a3b7433b0e50e5b4ab1947868e65cb101bb7cb75029553f2c333b6d4b8138a73fcc133d69d
  languageName: node
  linkType: hard

"color-name@npm:^1.0.0":
  version: 1.1.4
  resolution: "color-name@npm:1.1.4"
  checksum: b0445859521eb4021cd0fb0cc1a75cecf67fceecae89b63f62b201cca8d345baf8b952c966862a9d9a2632987d4f6581f0ec8d957dfacece86f0a7919316f610
  languageName: node
  linkType: hard

"color-string@npm:^1.6.0":
  version: 1.9.1
  resolution: "color-string@npm:1.9.1"
  dependencies:
    color-name: ^1.0.0
    simple-swizzle: ^0.2.2
  checksum: c13fe7cff7885f603f49105827d621ce87f4571d78ba28ef4a3f1a104304748f620615e6bf065ecd2145d0d9dad83a3553f52bb25ede7239d18e9f81622f1cc5
  languageName: node
  linkType: hard

"color@npm:^3.1.3":
  version: 3.2.1
  resolution: "color@npm:3.2.1"
  dependencies:
    color-convert: ^1.9.3
    color-string: ^1.6.0
  checksum: f81220e8b774d35865c2561be921f5652117638dcda7ca4029262046e37fc2444ac7bbfdd110cf1fd9c074a4ee5eda8f85944ffbdda26186b602dd9bb05f6400
  languageName: node
  linkType: hard

"colorspace@npm:1.1.x":
  version: 1.1.4
  resolution: "colorspace@npm:1.1.4"
  dependencies:
    color: ^3.1.3
    text-hex: 1.0.x
  checksum: bb3934ef3c417e961e6d03d7ca60ea6e175947029bfadfcdb65109b01881a1c0ecf9c2b0b59abcd0ee4a0d7c1eae93beed01b0e65848936472270a0b341ebce8
  languageName: node
  linkType: hard

"combined-stream@npm:^1.0.8":
  version: 1.0.8
  resolution: "combined-stream@npm:1.0.8"
  dependencies:
    delayed-stream: ~1.0.0
  checksum: 49fa4aeb4916567e33ea81d088f6584749fc90c7abec76fd516bf1c5aa5c79f3584b5ba3de6b86d26ddd64bae5329c4c7479343250cfe71c75bb366eae53bb7c
  languageName: node
  linkType: hard

"concat-map@npm:0.0.1":
  version: 0.0.1
  resolution: "concat-map@npm:0.0.1"
  checksum: 902a9f5d8967a3e2faf138d5cb784b9979bad2e6db5357c5b21c568df4ebe62bcb15108af1b2253744844eb964fc023fbd9afbbbb6ddd0bcc204c6fb5b7bf3af
  languageName: node
  linkType: hard

"debug@npm:4.x":
  version: 4.3.4
  resolution: "debug@npm:4.3.4"
  dependencies:
    ms: 2.1.2
  peerDependenciesMeta:
    supports-color:
      optional: true
  checksum: 3dbad3f94ea64f34431a9cbf0bafb61853eda57bff2880036153438f50fb5a84f27683ba0d8e5426bf41a8c6ff03879488120cf5b3a761e77953169c0600a708
  languageName: node
  linkType: hard

"delayed-stream@npm:~1.0.0":
  version: 1.0.0
  resolution: "delayed-stream@npm:1.0.0"
  checksum: 46fe6e83e2cb1d85ba50bd52803c68be9bd953282fa7096f51fc29edd5d67ff84ff753c51966061e5ba7cb5e47ef6d36a91924eddb7f3f3483b1c560f77a0020
  languageName: node
  linkType: hard

"discord-api-types@npm:^0.37.35":
  version: 0.37.36
  resolution: "discord-api-types@npm:0.37.36"
  checksum: ba3de3640270738c6fcef515a5d3a22069c89973e7d95984a7ddf1633a6e01fef2b99d4524f4535771694f87e4d779aa7511f21e06abd1c25707b4791c29d386
  languageName: node
  linkType: hard

"discord.js@npm:^14.8.0":
  version: 14.8.0
  resolution: "discord.js@npm:14.8.0"
  dependencies:
    "@discordjs/builders": ^1.5.0
    "@discordjs/collection": ^1.4.0
    "@discordjs/formatters": ^0.2.0
    "@discordjs/rest": ^1.6.0
    "@discordjs/util": ^0.2.0
    "@sapphire/snowflake": ^3.4.0
    "@types/ws": ^8.5.4
    discord-api-types: ^0.37.35
    fast-deep-equal: ^3.1.3
    lodash.snakecase: ^4.1.1
    tslib: ^2.5.0
    undici: ^5.20.0
    ws: ^8.12.1
  checksum: 47d20ee2c48cb612edd791e5908af120889cdb277b9e8fff0edd4013ce5a2eb459f7492bd01af59b229ac22966c35f8b1ce45b4668d48cee878b4093d6d48bd3
  languageName: node
  linkType: hard

"dotenv@npm:^16.0.3":
  version: 16.0.3
  resolution: "dotenv@npm:16.0.3"
  checksum: afcf03f373d7a6d62c7e9afea6328e62851d627a4e73f2e12d0a8deae1cd375892004f3021883f8aec85932cd2834b091f568ced92b4774625b321db83b827f8
  languageName: node
  linkType: hard

"enabled@npm:2.0.x":
  version: 2.0.0
  resolution: "enabled@npm:2.0.0"
  checksum: 9d256d89f4e8a46ff988c6a79b22fa814b4ffd82826c4fdacd9b42e9b9465709d3b748866d0ab4d442dfc6002d81de7f7b384146ccd1681f6a7f868d2acca063
  languageName: node
  linkType: hard

"fast-deep-equal@npm:^3.1.3":
  version: 3.1.3
  resolution: "fast-deep-equal@npm:3.1.3"
  checksum: e21a9d8d84f53493b6aa15efc9cfd53dd5b714a1f23f67fb5dc8f574af80df889b3bce25dc081887c6d25457cce704e636395333abad896ccdec03abaf1f3f9d
  languageName: node
  linkType: hard

"fecha@npm:^4.2.0":
  version: 4.2.3
  resolution: "fecha@npm:4.2.3"
  checksum: f94e2fb3acf5a7754165d04549460d3ae6c34830394d20c552197e3e000035d69732d74af04b9bed3283bf29fe2a9ebdcc0085e640b0be3cc3658b9726265e31
  languageName: node
  linkType: hard

"file-stream-rotator@npm:^0.6.1":
  version: 0.6.1
  resolution: "file-stream-rotator@npm:0.6.1"
  dependencies:
    moment: ^2.29.1
  checksum: ebdf6a9e7ca886a50f4dafb2284d4569cefd5bdf4e4451ead25f4d68b7f9776b2620a3d110d534edd40935d1e17f37d818e2129303201870ff89c71b19b49ac1
  languageName: node
  linkType: hard

"file-type@npm:^18.2.1":
  version: 18.2.1
  resolution: "file-type@npm:18.2.1"
  dependencies:
    readable-web-to-node-stream: ^3.0.2
    strtok3: ^7.0.0
    token-types: ^5.0.1
  checksum: bbc9381292e96a72ecd892f9f5e1a9a8d3f9717955841346e55891acfe099135bfa149f7dad51f35ee52b5e7e0a1a02d7375061b2800758011682c2e9d96953e
  languageName: node
  linkType: hard

"fn.name@npm:1.x.x":
  version: 1.1.0
  resolution: "fn.name@npm:1.1.0"
  checksum: e357144f48cfc9a7f52a82bbc6c23df7c8de639fce049cac41d41d62cabb740cdb9f14eddc6485e29c933104455bdd7a69bb14a9012cef9cd4fa252a4d0cf293
  languageName: node
  linkType: hard

"follow-redirects@npm:^1.15.0":
  version: 1.15.2
  resolution: "follow-redirects@npm:1.15.2"
  peerDependenciesMeta:
    debug:
      optional: true
  checksum: faa66059b66358ba65c234c2f2a37fcec029dc22775f35d9ad6abac56003268baf41e55f9ee645957b32c7d9f62baf1f0b906e68267276f54ec4b4c597c2b190
  languageName: node
  linkType: hard

"form-data@npm:^4.0.0":
  version: 4.0.0
  resolution: "form-data@npm:4.0.0"
  dependencies:
    asynckit: ^0.4.0
    combined-stream: ^1.0.8
    mime-types: ^2.1.12
  checksum: 01135bf8675f9d5c61ff18e2e2932f719ca4de964e3be90ef4c36aacfc7b9cb2fceb5eca0b7e0190e3383fe51c5b37f4cb80b62ca06a99aaabfcfd6ac7c9328c
  languageName: node
  linkType: hard

"fs.realpath@npm:^1.0.0":
  version: 1.0.0
  resolution: "fs.realpath@npm:1.0.0"
  checksum: 99ddea01a7e75aa276c250a04eedeffe5662bce66c65c07164ad6264f9de18fb21be9433ead460e54cff20e31721c811f4fb5d70591799df5f85dce6d6746fd0
  languageName: node
  linkType: hard

"glob@npm:^7.2.3":
  version: 7.2.3
  resolution: "glob@npm:7.2.3"
  dependencies:
    fs.realpath: ^1.0.0
    inflight: ^1.0.4
    inherits: 2
    minimatch: ^3.1.1
    once: ^1.3.0
    path-is-absolute: ^1.0.0
  checksum: 29452e97b38fa704dabb1d1045350fb2467cf0277e155aa9ff7077e90ad81d1ea9d53d3ee63bd37c05b09a065e90f16aec4a65f5b8de401d1dac40bc5605d133
  languageName: node
  linkType: hard

"ieee754@npm:^1.2.1":
  version: 1.2.1
  resolution: "ieee754@npm:1.2.1"
  checksum: 5144c0c9815e54ada181d80a0b810221a253562422e7c6c3a60b1901154184f49326ec239d618c416c1c5945a2e197107aee8d986a3dd836b53dffefd99b5e7e
  languageName: node
  linkType: hard

"inflight@npm:^1.0.4":
  version: 1.0.6
  resolution: "inflight@npm:1.0.6"
  dependencies:
    once: ^1.3.0
    wrappy: 1
  checksum: f4f76aa072ce19fae87ce1ef7d221e709afb59d445e05d47fba710e85470923a75de35bfae47da6de1b18afc3ce83d70facf44cfb0aff89f0a3f45c0a0244dfd
  languageName: node
  linkType: hard

"inherits@npm:2, inherits@npm:^2.0.3":
  version: 2.0.4
  resolution: "inherits@npm:2.0.4"
  checksum: 4a48a733847879d6cf6691860a6b1e3f0f4754176e4d71494c41f3475553768b10f84b5ce1d40fbd0e34e6bfbb864ee35858ad4dd2cf31e02fc4a154b724d7f1
  languageName: node
  linkType: hard

"ip@npm:^2.0.0":
  version: 2.0.0
  resolution: "ip@npm:2.0.0"
  checksum: cfcfac6b873b701996d71ec82a7dd27ba92450afdb421e356f44044ed688df04567344c36cbacea7d01b1c39a4c732dc012570ebe9bebfb06f27314bca625349
  languageName: node
  linkType: hard

"is-arrayish@npm:^0.3.1":
  version: 0.3.2
  resolution: "is-arrayish@npm:0.3.2"
  checksum: 977e64f54d91c8f169b59afcd80ff19227e9f5c791fa28fa2e5bce355cbaf6c2c356711b734656e80c9dd4a854dd7efcf7894402f1031dfc5de5d620775b4d5f
  languageName: node
  linkType: hard

"is-stream@npm:^2.0.0":
  version: 2.0.1
  resolution: "is-stream@npm:2.0.1"
  checksum: b8e05ccdf96ac330ea83c12450304d4a591f9958c11fd17bed240af8d5ffe08aedafa4c0f4cfccd4d28dc9d4d129daca1023633d5c11601a6cbc77521f6fae66
  languageName: node
  linkType: hard

"kareem@npm:2.5.1":
  version: 2.5.1
  resolution: "kareem@npm:2.5.1"
  checksum: b019a960a7b9e44b6ef224ef85e7583d4e969619f53319e571677fbed7e57e01ee8774589726b29741e42790996567d878003c18e674296742dc343bfbf3efb9
  languageName: node
  linkType: hard

"kuler@npm:^2.0.0":
  version: 2.0.0
  resolution: "kuler@npm:2.0.0"
  checksum: 9e10b5a1659f9ed8761d38df3c35effabffbd19fc6107324095238e4ef0ff044392cae9ac64a1c2dda26e532426485342226b93806bd97504b174b0dcf04ed81
  languageName: node
  linkType: hard

"lodash.snakecase@npm:^4.1.1":
  version: 4.1.1
  resolution: "lodash.snakecase@npm:4.1.1"
  checksum: 1685ed3e83dda6eae5a4dcaee161a51cd210aabb3e1c09c57150e7dd8feda19e4ca0d27d0631eabe8d0f4eaa51e376da64e8c018ae5415417c5890d42feb72a8
  languageName: node
  linkType: hard

"lodash@npm:^4.17.21":
  version: 4.17.21
  resolution: "lodash@npm:4.17.21"
  checksum: eb835a2e51d381e561e508ce932ea50a8e5a68f4ebdd771ea240d3048244a8d13658acbd502cd4829768c56f2e16bdd4340b9ea141297d472517b83868e677f7
  languageName: node
  linkType: hard

"logform@npm:^2.3.2, logform@npm:^2.4.0":
  version: 2.5.1
  resolution: "logform@npm:2.5.1"
  dependencies:
    "@colors/colors": 1.5.0
    "@types/triple-beam": ^1.3.2
    fecha: ^4.2.0
    ms: ^2.1.1
    safe-stable-stringify: ^2.3.1
    triple-beam: ^1.3.0
  checksum: 08fdf03be5bb69af33bac214eb4f6a0c83ad3821a30de498925fccb61e993e5a4a87470aab356ca2110c11e4643685bed5597ca5f46dd1cd11437c44a0e0e3c2
  languageName: node
  linkType: hard

"memory-pager@npm:^1.0.2":
  version: 1.5.0
  resolution: "memory-pager@npm:1.5.0"
  checksum: d1a2e684583ef55c61cd3a49101da645b11ad57014dfc565e0b43baa9004b743f7e4ab81493d8fff2ab24e9950987cc3209c94bcc4fc8d7e30a475489a1f15e9
  languageName: node
  linkType: hard

"mime-db@npm:1.52.0":
  version: 1.52.0
  resolution: "mime-db@npm:1.52.0"
  checksum: 0d99a03585f8b39d68182803b12ac601d9c01abfa28ec56204fa330bc9f3d1c5e14beb049bafadb3dbdf646dfb94b87e24d4ec7b31b7279ef906a8ea9b6a513f
  languageName: node
  linkType: hard

"mime-types@npm:^2.1.12":
  version: 2.1.35
  resolution: "mime-types@npm:2.1.35"
  dependencies:
    mime-db: 1.52.0
  checksum: 89a5b7f1def9f3af5dad6496c5ed50191ae4331cc5389d7c521c8ad28d5fdad2d06fd81baf38fed813dc4e46bb55c8145bb0ff406330818c9cf712fb2e9b3836
  languageName: node
  linkType: hard

"minimatch@npm:^3.1.1":
  version: 3.1.2
  resolution: "minimatch@npm:3.1.2"
  dependencies:
    brace-expansion: ^1.1.7
  checksum: c154e566406683e7bcb746e000b84d74465b3a832c45d59912b9b55cd50dee66e5c4b1e5566dba26154040e51672f9aa450a9aef0c97cfc7336b78b7afb9540a
  languageName: node
  linkType: hard

"miyabi@workspace:.":
  version: 0.0.0-use.local
  resolution: "miyabi@workspace:."
  dependencies:
    axios: ^1.3.4
    discord.js: ^14.8.0
    dotenv: ^16.0.3
    glob: ^7.2.3
    mongoose: ^7.0.2
    uuid: ^9.0.0
    winston: ^3.8.2
    winston-daily-rotate-file: ^4.7.1
  languageName: unknown
  linkType: soft

"moment@npm:^2.29.1":
  version: 2.29.4
  resolution: "moment@npm:2.29.4"
  checksum: 0ec3f9c2bcba38dc2451b1daed5daded747f17610b92427bebe1d08d48d8b7bdd8d9197500b072d14e326dd0ccf3e326b9e3d07c5895d3d49e39b6803b76e80e
  languageName: node
  linkType: hard

"mongodb-connection-string-url@npm:^2.6.0":
  version: 2.6.0
  resolution: "mongodb-connection-string-url@npm:2.6.0"
  dependencies:
    "@types/whatwg-url": ^8.2.1
    whatwg-url: ^11.0.0
  checksum: 1d662f0ecfe96f7a400f625c244b2e52914c98f3562ee7d19941127578b5f8237624433bdcea285a654041b945b518803512989690c74548aec5860c5541c605
  languageName: node
  linkType: hard

"mongodb@npm:5.1.0":
  version: 5.1.0
  resolution: "mongodb@npm:5.1.0"
  dependencies:
    bson: ^5.0.1
    mongodb-connection-string-url: ^2.6.0
    saslprep: ^1.0.3
    socks: ^2.7.1
  peerDependencies:
    "@aws-sdk/credential-providers": ^3.201.0
    mongodb-client-encryption: ^2.3.0
    snappy: ^7.2.2
  dependenciesMeta:
    saslprep:
      optional: true
  peerDependenciesMeta:
    "@aws-sdk/credential-providers":
      optional: true
    mongodb-client-encryption:
      optional: true
    snappy:
      optional: true
  checksum: 993c14299ade84d4aadb06f16dccf31502b1018bf7a813d2477bf7a465854d3545a8950372e4410cd549c4426cf02b5d18cc4467eba35d031b46536e5cc79e3f
  languageName: node
  linkType: hard

"mongoose@npm:^7.0.2":
  version: 7.0.2
  resolution: "mongoose@npm:7.0.2"
  dependencies:
    bson: ^5.0.1
    kareem: 2.5.1
    mongodb: 5.1.0
    mpath: 0.9.0
    mquery: 5.0.0
    ms: 2.1.3
    sift: 16.0.1
  checksum: c3fe1d5e226f31901736f0a21ebba9c9231e70f3b2e065e25bc8f4180c98cbfe015cd3f581ab0d4543ec2ac78fbc3be973a1f546f26fc1f0a0644f7c81ecf6e0
  languageName: node
  linkType: hard

"mpath@npm:0.9.0":
  version: 0.9.0
  resolution: "mpath@npm:0.9.0"
  checksum: 1052f1f926db04502440f76164ae16ed53aa41f3ce34e7e64e3ed451b7d91ede295c3b600801c5f9eb862f03d9d59b7aa5aaf690c341fc521bef025d0f5cd773
  languageName: node
  linkType: hard

"mquery@npm:5.0.0":
  version: 5.0.0
  resolution: "mquery@npm:5.0.0"
  dependencies:
    debug: 4.x
  checksum: 0617ead71e40e3c38ab74a1e46214d578d654bf7916abd8b3fb2ceb433bb6287adfa0960f041f16e2ac41c5ed5d7ce2268582f0a0075fff2561bcd5a3f40b417
  languageName: node
  linkType: hard

"ms@npm:2.1.2":
  version: 2.1.2
  resolution: "ms@npm:2.1.2"
  checksum: 673cdb2c3133eb050c745908d8ce632ed2c02d85640e2edb3ace856a2266a813b30c613569bf3354fdf4ea7d1a1494add3bfa95e2713baa27d0c2c71fc44f58f
  languageName: node
  linkType: hard

"ms@npm:2.1.3, ms@npm:^2.1.1":
  version: 2.1.3
  resolution: "ms@npm:2.1.3"
  checksum: aa92de608021b242401676e35cfa5aa42dd70cbdc082b916da7fb925c542173e36bce97ea3e804923fe92c0ad991434e4a38327e15a1b5b5f945d66df615ae6d
  languageName: node
  linkType: hard

"object-hash@npm:^2.0.1":
  version: 2.2.0
  resolution: "object-hash@npm:2.2.0"
  checksum: 55ba841e3adce9c4f1b9b46b41983eda40f854e0d01af2802d3ae18a7085a17168d6b81731d43fdf1d6bcbb3c9f9c56d22c8fea992203ad90a38d7d919bc28f1
  languageName: node
  linkType: hard

"once@npm:^1.3.0":
  version: 1.4.0
  resolution: "once@npm:1.4.0"
  dependencies:
    wrappy: 1
  checksum: cd0a88501333edd640d95f0d2700fbde6bff20b3d4d9bdc521bdd31af0656b5706570d6c6afe532045a20bb8dc0849f8332d6f2a416e0ba6d3d3b98806c7db68
  languageName: node
  linkType: hard

"one-time@npm:^1.0.0":
  version: 1.0.0
  resolution: "one-time@npm:1.0.0"
  dependencies:
    fn.name: 1.x.x
  checksum: fd008d7e992bdec1c67f53a2f9b46381ee12a9b8c309f88b21f0223546003fb47e8ad7c1fd5843751920a8d276c63bd4b45670ef80c61fb3e07dbccc962b5c7d
  languageName: node
  linkType: hard

"path-is-absolute@npm:^1.0.0":
  version: 1.0.1
  resolution: "path-is-absolute@npm:1.0.1"
  checksum: 060840f92cf8effa293bcc1bea81281bd7d363731d214cbe5c227df207c34cd727430f70c6037b5159c8a870b9157cba65e775446b0ab06fd5ecc7e54615a3b8
  languageName: node
  linkType: hard

"peek-readable@npm:^5.0.0":
  version: 5.0.0
  resolution: "peek-readable@npm:5.0.0"
  checksum: bef5ceb50586eb42e14efba274ac57ffe97f0ed272df9239ce029f688f495d9bf74b2886fa27847c706a9db33acda4b7d23bbd09a2d21eb4c2a54da915117414
  languageName: node
  linkType: hard

"proxy-from-env@npm:^1.1.0":
  version: 1.1.0
  resolution: "proxy-from-env@npm:1.1.0"
  checksum: ed7fcc2ba0a33404958e34d95d18638249a68c430e30fcb6c478497d72739ba64ce9810a24f53a7d921d0c065e5b78e3822759800698167256b04659366ca4d4
  languageName: node
  linkType: hard

"punycode@npm:^2.1.1":
  version: 2.3.0
  resolution: "punycode@npm:2.3.0"
  checksum: 39f760e09a2a3bbfe8f5287cf733ecdad69d6af2fe6f97ca95f24b8921858b91e9ea3c9eeec6e08cede96181b3bb33f95c6ffd8c77e63986508aa2e8159fa200
  languageName: node
  linkType: hard

"readable-stream@npm:^3.4.0, readable-stream@npm:^3.6.0":
  version: 3.6.2
  resolution: "readable-stream@npm:3.6.2"
  dependencies:
    inherits: ^2.0.3
    string_decoder: ^1.1.1
    util-deprecate: ^1.0.1
  checksum: bdcbe6c22e846b6af075e32cf8f4751c2576238c5043169a1c221c92ee2878458a816a4ea33f4c67623c0b6827c8a400409bfb3cf0bf3381392d0b1dfb52ac8d
  languageName: node
  linkType: hard

"readable-web-to-node-stream@npm:^3.0.2":
  version: 3.0.2
  resolution: "readable-web-to-node-stream@npm:3.0.2"
  dependencies:
    readable-stream: ^3.6.0
  checksum: 8c56cc62c68513425ddfa721954875b382768f83fa20e6b31e365ee00cbe7a3d6296f66f7f1107b16cd3416d33aa9f1680475376400d62a081a88f81f0ea7f9c
  languageName: node
  linkType: hard

"safe-buffer@npm:~5.2.0":
  version: 5.2.1
  resolution: "safe-buffer@npm:5.2.1"
  checksum: b99c4b41fdd67a6aaf280fcd05e9ffb0813654894223afb78a31f14a19ad220bba8aba1cb14eddce1fcfb037155fe6de4e861784eb434f7d11ed58d1e70dd491
  languageName: node
  linkType: hard

"safe-stable-stringify@npm:^2.3.1":
  version: 2.4.2
  resolution: "safe-stable-stringify@npm:2.4.2"
  checksum: 0324ba2e40f78cae63e31a02b1c9bdf1b786621f9e8760845608eb9e81aef401944ac2078e5c9c1533cf516aea34d08fa8052ca853637ced84b791caaf1e394e
  languageName: node
  linkType: hard

"saslprep@npm:^1.0.3":
  version: 1.0.3
  resolution: "saslprep@npm:1.0.3"
  dependencies:
    sparse-bitfield: ^3.0.3
  checksum: 4fdc0b70fb5e523f977de405e12cca111f1f10dd68a0cfae0ca52c1a7919a94d1556598ba2d35f447655c3b32879846c77f9274c90806f6673248ae3cea6ee43
  languageName: node
  linkType: hard

"sift@npm:16.0.1":
  version: 16.0.1
  resolution: "sift@npm:16.0.1"
  checksum: 5fe18a517a20c35e0c05238797cc605094a6cb602b08c4661268c415b71a10f1a55ee4cc8728552e390e7cb4683a33bcbd68d7971eb44645cc6211e2f00dd233
  languageName: node
  linkType: hard

"simple-swizzle@npm:^0.2.2":
  version: 0.2.2
  resolution: "simple-swizzle@npm:0.2.2"
  dependencies:
    is-arrayish: ^0.3.1
  checksum: a7f3f2ab5c76c4472d5c578df892e857323e452d9f392e1b5cf74b74db66e6294a1e1b8b390b519fa1b96b5b613f2a37db6cffef52c3f1f8f3c5ea64eb2d54c0
  languageName: node
  linkType: hard

"smart-buffer@npm:^4.2.0":
  version: 4.2.0
  resolution: "smart-buffer@npm:4.2.0"
  checksum: b5167a7142c1da704c0e3af85c402002b597081dd9575031a90b4f229ca5678e9a36e8a374f1814c8156a725d17008ae3bde63b92f9cfd132526379e580bec8b
  languageName: node
  linkType: hard

"socks@npm:^2.7.1":
  version: 2.7.1
  resolution: "socks@npm:2.7.1"
  dependencies:
    ip: ^2.0.0
    smart-buffer: ^4.2.0
  checksum: 259d9e3e8e1c9809a7f5c32238c3d4d2a36b39b83851d0f573bfde5f21c4b1288417ce1af06af1452569cd1eb0841169afd4998f0e04ba04656f6b7f0e46d748
  languageName: node
  linkType: hard

"sparse-bitfield@npm:^3.0.3":
  version: 3.0.3
  resolution: "sparse-bitfield@npm:3.0.3"
  dependencies:
    memory-pager: ^1.0.2
  checksum: 174da88dbbcc783d5dbd26921931cc83830280b8055fb05333786ebe6fc015b9601b24972b3d55920dd2d9f5fb120576fbfa2469b08e5222c9cadf3f05210aab
  languageName: node
  linkType: hard

"stack-trace@npm:0.0.x":
  version: 0.0.10
  resolution: "stack-trace@npm:0.0.10"
  checksum: 473036ad32f8c00e889613153d6454f9be0536d430eb2358ca51cad6b95cea08a3cc33cc0e34de66b0dad221582b08ed2e61ef8e13f4087ab690f388362d6610
  languageName: node
  linkType: hard

"streamsearch@npm:^1.1.0":
  version: 1.1.0
  resolution: "streamsearch@npm:1.1.0"
  checksum: 1cce16cea8405d7a233d32ca5e00a00169cc0e19fbc02aa839959985f267335d435c07f96e5e0edd0eadc6d39c98d5435fb5bbbdefc62c41834eadc5622ad942
  languageName: node
  linkType: hard

"string_decoder@npm:^1.1.1":
  version: 1.3.0
  resolution: "string_decoder@npm:1.3.0"
  dependencies:
    safe-buffer: ~5.2.0
  checksum: 8417646695a66e73aefc4420eb3b84cc9ffd89572861fe004e6aeb13c7bc00e2f616247505d2dbbef24247c372f70268f594af7126f43548565c68c117bdeb56
  languageName: node
  linkType: hard

"strtok3@npm:^7.0.0":
  version: 7.0.0
  resolution: "strtok3@npm:7.0.0"
  dependencies:
    "@tokenizer/token": ^0.3.0
    peek-readable: ^5.0.0
  checksum: 2ebe7ad8f2aea611dec6742cf6a42e82764892a362907f7ce493faf334501bf981ce21c828dcc300457e6d460dc9c34d644ededb3b01dcb9e37559203cf1748c
  languageName: node
  linkType: hard

"text-hex@npm:1.0.x":
  version: 1.0.0
  resolution: "text-hex@npm:1.0.0"
  checksum: 1138f68adc97bf4381a302a24e2352f04992b7b1316c5003767e9b0d3367ffd0dc73d65001ea02b07cd0ecc2a9d186de0cf02f3c2d880b8a522d4ccb9342244a
  languageName: node
  linkType: hard

"token-types@npm:^5.0.1":
  version: 5.0.1
  resolution: "token-types@npm:5.0.1"
  dependencies:
    "@tokenizer/token": ^0.3.0
    ieee754: ^1.2.1
  checksum: 32780123bc6ce8b6a2231d860445c994a02a720abf38df5583ea957aa6626873cd1c4dd8af62314da4cf16ede00c379a765707a3b06f04b8808c38efdae1c785
  languageName: node
  linkType: hard

"tr46@npm:^3.0.0":
  version: 3.0.0
  resolution: "tr46@npm:3.0.0"
  dependencies:
    punycode: ^2.1.1
  checksum: 44c3cc6767fb800490e6e9fd64fd49041aa4e49e1f6a012b34a75de739cc9ed3a6405296072c1df8b6389ae139c5e7c6496f659cfe13a04a4bff3a1422981270
  languageName: node
  linkType: hard

"triple-beam@npm:^1.3.0":
  version: 1.3.0
  resolution: "triple-beam@npm:1.3.0"
  checksum: 7d7b77d8625fb252c126c24984a68de462b538a8fcd1de2abd0a26421629cf3527d48e23b3c2264f08f4a6c3bc40a478a722176f4d7b6a1acc154cb70c359f2b
  languageName: node
  linkType: hard

"ts-mixer@npm:^6.0.3":
  version: 6.0.3
  resolution: "ts-mixer@npm:6.0.3"
  checksum: 7fbaba0a413bf817835a6a23d46bccf4192dd4d7345b6bae9d594c88acffac35bf4995ef3cce753090c8abcdf2afd16dba8899365584a1f960ccc2a15bf2e2d6
  languageName: node
  linkType: hard

"tslib@npm:^2.5.0":
  version: 2.5.0
  resolution: "tslib@npm:2.5.0"
  checksum: ae3ed5f9ce29932d049908ebfdf21b3a003a85653a9a140d614da6b767a93ef94f460e52c3d787f0e4f383546981713f165037dc2274df212ea9f8a4541004e1
  languageName: node
  linkType: hard

"undici@npm:^5.20.0":
  version: 5.21.0
  resolution: "undici@npm:5.21.0"
  dependencies:
    busboy: ^1.6.0
  checksum: 013d5fd503b631d607942c511c2ab3f3fa78ebcab302acab998b43176b4815503ec15ed9752c5a47918b3bff8a0137768001d3eb57625b2bb6f6d30d8a794d6c
  languageName: node
  linkType: hard

"util-deprecate@npm:^1.0.1":
  version: 1.0.2
  resolution: "util-deprecate@npm:1.0.2"
  checksum: 474acf1146cb2701fe3b074892217553dfcf9a031280919ba1b8d651a068c9b15d863b7303cb15bd00a862b498e6cf4ad7b4a08fb134edd5a6f7641681cb54a2
  languageName: node
  linkType: hard

"uuid@npm:^9.0.0":
  version: 9.0.0
  resolution: "uuid@npm:9.0.0"
  bin:
    uuid: dist/bin/uuid
  checksum: 8dd2c83c43ddc7e1c71e36b60aea40030a6505139af6bee0f382ebcd1a56f6cd3028f7f06ffb07f8cf6ced320b76aea275284b224b002b289f89fe89c389b028
  languageName: node
  linkType: hard

"webidl-conversions@npm:^7.0.0":
  version: 7.0.0
  resolution: "webidl-conversions@npm:7.0.0"
  checksum: f05588567a2a76428515333eff87200fae6c83c3948a7482ebb109562971e77ef6dc49749afa58abb993391227c5697b3ecca52018793e0cb4620a48f10bd21b
  languageName: node
  linkType: hard

"whatwg-url@npm:^11.0.0":
  version: 11.0.0
  resolution: "whatwg-url@npm:11.0.0"
  dependencies:
    tr46: ^3.0.0
    webidl-conversions: ^7.0.0
  checksum: ed4826aaa57e66bb3488a4b25c9cd476c46ba96052747388b5801f137dd740b73fde91ad207d96baf9f17fbcc80fc1a477ad65181b5eb5fa718d27c69501d7af
  languageName: node
  linkType: hard

"winston-daily-rotate-file@npm:^4.7.1":
  version: 4.7.1
  resolution: "winston-daily-rotate-file@npm:4.7.1"
  dependencies:
    file-stream-rotator: ^0.6.1
    object-hash: ^2.0.1
    triple-beam: ^1.3.0
    winston-transport: ^4.4.0
  peerDependencies:
    winston: ^3
  checksum: 227daea41f722caa017fc7d6f1f80d0e6c428491e57693e6bebc8312b85bcf3aace53cb3a925bda72fab59a6898fa127411d29348ec4b295e2263a7544cda611
  languageName: node
  linkType: hard

"winston-transport@npm:^4.4.0, winston-transport@npm:^4.5.0":
  version: 4.5.0
  resolution: "winston-transport@npm:4.5.0"
  dependencies:
    logform: ^2.3.2
    readable-stream: ^3.6.0
    triple-beam: ^1.3.0
  checksum: a56e5678a80b88a73e77ed998fc6e19d0db19c989a356b137ec236782f2bf58ae4511b11c29163f99391fa4dc12102c7bc5738dcb6543f28877fa2819adc3ee9
  languageName: node
  linkType: hard

"winston@npm:^3.8.2":
  version: 3.8.2
  resolution: "winston@npm:3.8.2"
  dependencies:
    "@colors/colors": 1.5.0
    "@dabh/diagnostics": ^2.0.2
    async: ^3.2.3
    is-stream: ^2.0.0
    logform: ^2.4.0
    one-time: ^1.0.0
    readable-stream: ^3.4.0
    safe-stable-stringify: ^2.3.1
    stack-trace: 0.0.x
    triple-beam: ^1.3.0
    winston-transport: ^4.5.0
  checksum: f7b901798b92ab9e93c850110bf6e98500e9a0e762b62dab410cf928b2a4145533dfa6d3d2b24f7bf0dc94b53808d5bd28aaaeff9a4b43b89ea4c798cce308ea
  languageName: node
  linkType: hard

"wrappy@npm:1":
  version: 1.0.2
  resolution: "wrappy@npm:1.0.2"
  checksum: 159da4805f7e84a3d003d8841557196034155008f817172d4e986bd591f74aa82aa7db55929a54222309e01079a65a92a9e6414da5a6aa4b01ee44a511ac3ee5
  languageName: node
  linkType: hard

"ws@npm:^8.12.1":
  version: 8.13.0
  resolution: "ws@npm:8.13.0"
  peerDependencies:
    bufferutil: ^4.0.1
    utf-8-validate: ">=5.0.2"
  peerDependenciesMeta:
    bufferutil:
      optional: true
    utf-8-validate:
      optional: true
  checksum: 53e991bbf928faf5dc6efac9b8eb9ab6497c69feeb94f963d648b7a3530a720b19ec2e0ec037344257e05a4f35bd9ad04d9de6f289615ffb133282031b18c61c
  languageName: node
  linkType: hard
